
Microsoft Visual Studio Solution File, Format Version 12.00
# Visual Studio Version 16
VisualStudioVersion = 16.0.31911.196
MinimumVisualStudioVersion = 10.0.40219.1
Project("{FAE04EC0-301F-11D3-BF4B-00C04F79EFBC}") = "Rocky", "Rocky\Rocky.csproj", "{D0864503-8093-4AA6-812F-214D109500B3}"
EndProject
Global
	GlobalSection(SolutionConfigurationPlatforms) = preSolution
		Debug|Any CPU = Debug|Any CPU
		Release|Any CPU = Release|Any CPU
	EndGlobalSection
	GlobalSection(ProjectConfigurationPlatforms) = postSolution
		{D0864503-8093-4AA6-812F-214D109500B3}.Debug|Any CPU.ActiveCfg = Debug|Any CPU
		{D0864503-8093-4AA6-812F-214D109500B3}.Debug|Any CPU.Build.0 = Debug|Any CPU
		{D0864503-8093-4AA6-812F-214D109500B3}.Release|Any CPU.ActiveCfg = Release|Any CPU
		{D0864503-8093-4AA6-812F-214D109500B3}.Release|Any CPU.Build.0 = Release|Any CPU
	EndGlobalSection
	GlobalSection(SolutionProperties) = preSolution
		HideSolutionNode = FALSE
	EndGlobalSection
	GlobalSection(ExtensibilityGlobals) = postSolution
		SolutionGuid = {62C829A3-32F5-4570-81A2-3966D2AC9AA5}
	EndGlobalSection
EndGlobal
